
Microsoft Visual Studio Solution File, Format Version 12.00
# Visual Studio Version 16
VisualStudioVersion = 16.0.31112.23
MinimumVisualStudioVersion = 10.0.40219.1
Project("{FAE04EC0-301F-11D3-BF4B-00C04F79EFBC}") = "FakeFTDI", "FakeFTDI\FakeFTDI.csproj", "{7FC32BF8-B8ED-497D-B8E5-E1E3AAA86904}"
EndProject
Global
	GlobalSection(SolutionConfigurationPlatforms) = preSolution
		Debug|Any CPU = Debug|Any CPU
		Debug|x86 = Debug|x86
		Debug2|Any CPU = Debug2|Any CPU
		Debug2|x86 = Debug2|x86
		Release|Any CPU = Release|Any CPU
		Release|x86 = Release|x86
	EndGlobalSection
	GlobalSection(ProjectConfigurationPlatforms) = postSolution
		{7FC32BF8-B8ED-497D-B8E5-E1E3AAA86904}.Debug|Any CPU.ActiveCfg = Debug|Any CPU
		{7FC32BF8-B8ED-497D-B8E5-E1E3AAA86904}.Debug|Any CPU.Build.0 = Debug|Any CPU
		{7FC32BF8-B8ED-497D-B8E5-E1E3AAA86904}.Debug|x86.ActiveCfg = Debug|x86
		{7FC32BF8-B8ED-497D-B8E5-E1E3AAA86904}.Debug|x86.Build.0 = Debug|x86
		{7FC32BF8-B8ED-497D-B8E5-E1E3AAA86904}.Debug2|Any CPU.ActiveCfg = Debug2|Any CPU
		{7FC32BF8-B8ED-497D-B8E5-E1E3AAA86904}.Debug2|Any CPU.Build.0 = Debug2|Any CPU
		{7FC32BF8-B8ED-497D-B8E5-E1E3AAA86904}.Debug2|x86.ActiveCfg = Debug2|x86
		{7FC32BF8-B8ED-497D-B8E5-E1E3AAA86904}.Debug2|x86.Build.0 = Debug2|x86
		{7FC32BF8-B8ED-497D-B8E5-E1E3AAA86904}.Release|Any CPU.ActiveCfg = Release|Any CPU
		{7FC32BF8-B8ED-497D-B8E5-E1E3AAA86904}.Release|Any CPU.Build.0 = Release|Any CPU
		{7FC32BF8-B8ED-497D-B8E5-E1E3AAA86904}.Release|x86.ActiveCfg = Release|x86
		{7FC32BF8-B8ED-497D-B8E5-E1E3AAA86904}.Release|x86.Build.0 = Release|x86
	EndGlobalSection
	GlobalSection(SolutionProperties) = preSolution
		HideSolutionNode = FALSE
	EndGlobalSection
	GlobalSection(ExtensibilityGlobals) = postSolution
		SolutionGuid = {0C41238A-823C-4FEA-9A5A-894B14256A8C}
	EndGlobalSection
EndGlobal
